
Microsoft Visual Studio Solution File, Format Version 12.00
# Visual Studio 15
VisualStudioVersion = 15.0.27428.2005
MinimumVisualStudioVersion = 10.0.40219.1
Project("{FAE04EC0-301F-11D3-BF4B-00C04F79EFBC}") = "TimeScheduler.Local", "TimeScheduler.Local\TimeScheduler.Local.csproj", "{BA2F8FED-FE46-495C-B0AC-14A4DA3C27BB}"
EndProject
Global
	GlobalSection(SolutionConfigurationPlatforms) = preSolution
		Debug|Any CPU = Debug|Any CPU
		Release|Any CPU = Release|Any CPU
	EndGlobalSection
	GlobalSection(ProjectConfigurationPlatforms) = postSolution
		{BA2F8FED-FE46-495C-B0AC-14A4DA3C27BB}.Debug|Any CPU.ActiveCfg = Debug|Any CPU
		{BA2F8FED-FE46-495C-B0AC-14A4DA3C27BB}.Debug|Any CPU.Build.0 = Debug|Any CPU
		{BA2F8FED-FE46-495C-B0AC-14A4DA3C27BB}.Release|Any CPU.ActiveCfg = Release|Any CPU
		{BA2F8FED-FE46-495C-B0AC-14A4DA3C27BB}.Release|Any CPU.Build.0 = Release|Any CPU
	EndGlobalSection
	GlobalSection(SolutionProperties) = preSolution
		HideSolutionNode = FALSE
	EndGlobalSection
	GlobalSection(ExtensibilityGlobals) = postSolution
		SolutionGuid = {84E11418-23EC-4DEE-AA36-411AB0EBD2B5}
	EndGlobalSection
EndGlobal
